PODS:
  - JLRoutes (2.0.1)
  - React/Core (0.42.0):
    - React/cxxreact
    - Yoga (= 0.42.0.React)
  - React/cxxreact (0.42.0):
    - React/jschelpers
  - React/jschelpers (0.42.0)
  - React/RCTNetwork (0.42.0):
    - React/Core
  - React/RCTText (0.42.0):
    - React/Core
  - React/RCTWebSocket (0.42.0):
    - React/Core
  - Yoga (0.42.0.React)

DEPENDENCIES:
  - JLRoutes (~> 2.0.1)
  - React/Core (from `./node_modules/react-native`)
  - React/RCTNetwork (from `./node_modules/react-native`)
  - React/RCTText (from `./node_modules/react-native`)
  - React/RCTWebSocket (from `./node_modules/react-native`)
  - Yoga (from `./node_modules/react-native/ReactCommon/yoga`)

EXTERNAL SOURCES:
  React:
    :path: ./node_modules/react-native
  Yoga:
    :path: ./node_modules/react-native/ReactCommon/yoga

SPEC CHECKSUMS:
  JLRoutes: 3652abe3b4ac51bc93ec3a371353d762e8566092
  React: 8ec97f0d79ba31892c526cf56425937926cc9b48
  Yoga: 4183cc70cae189d73f996b1e40c3078aca9f96ef

PODFILE CHECKSUM: ac1598f244878370f2a5d5032e67c90210476fd6

COCOAPODS: 1.2.0.beta.1
